
Microsoft Visual Studio Solution File, Format Version 12.00
# Visual Studio 2012
Project("{E24C65DC-7377-472B-9ABA-BC803B73C61A}") = "實戰入門", ".", "{285491BF-1DF8-421E-B015-801165C640FC}"
	ProjectSection(WebsiteProperties) = preProject
		TargetFrameworkMoniker = ".NETFramework,Version%3Dv4.5"
		Debug.AspNetCompiler.VirtualPath = "/實戰入門"
		Debug.AspNetCompiler.PhysicalPath = "..\實戰入門\"
		Debug.AspNetCompiler.TargetPath = "PrecompiledWeb\實戰入門\"
		Debug.AspNetCompiler.Updateable = "true"
		Debug.AspNetCompiler.ForceOverwrite = "true"
		Debug.AspNetCompiler.FixedNames = "false"
		Debug.AspNetCompiler.Debug = "True"
		Release.AspNetCompiler.VirtualPath = "/實戰入門"
		Release.AspNetCompiler.PhysicalPath = "..\實戰入門\"
		Release.AspNetCompiler.TargetPath = "PrecompiledWeb\實戰入門\"
		Release.AspNetCompiler.Updateable = "true"
		Release.AspNetCompiler.ForceOverwrite = "true"
		Release.AspNetCompiler.FixedNames = "false"
		Release.AspNetCompiler.Debug = "False"
		VWDPort = "43193"
	EndProjectSection
EndProject
Global
	GlobalSection(CodealikeProperties) = postSolution
		SolutionGuid = 013324e1-07ec-4f11-83f7-e473244e2123
	EndGlobalSection
	GlobalSection(SolutionConfigurationPlatforms) = preSolution
		Debug|Any CPU = Debug|Any CPU
	EndGlobalSection
	GlobalSection(ProjectConfigurationPlatforms) = postSolution
		{285491BF-1DF8-421E-B015-801165C640FC}.Debug|Any CPU.ActiveCfg = Debug|Any CPU
		{285491BF-1DF8-421E-B015-801165C640FC}.Debug|Any CPU.Build.0 = Debug|Any CPU
	EndGlobalSection
	GlobalSection(SolutionProperties) = preSolution
		HideSolutionNode = FALSE
	EndGlobalSection
EndGlobal
